_meta:
  version: '1.0'
  entity_type: block_config
  uuid: 1a2b3c4d-5e6f-7g8h-9i0j-1k2l3m4n5o6p
  default_langcode: en
default:
  langcode: en
  status: false
  dependencies:
    module:
      - gtranslate
    theme:
      - ecms
  id: gtranslate_block
  theme: ecms
  region: language_switcher
  weight: 0
  provider: null
  plugin: gtranslate_block
  settings:
    id: gtranslate_block
    label: 'Translate this page'
    label_display: ''
    provider: gtranslate
  visibility: {  }
